
Microsoft Visual Studio Solution File, Format Version 12.00
# Visual Studio Version 16
VisualStudioVersion = 16.0.29025.244
MinimumVisualStudioVersion = 10.0.40219.1
Project("{FAE04EC0-301F-11D3-BF4B-00C04F79EFBC}") = "CSRMDataManager", "CSRMDataManager\CSRMDataManager.csproj", "{379FA2BD-5773-40BF-8707-B8062674E837}"
EndProject
Project("{00D1A9C2-B5F0-4AF3-8072-F6C62B433612}") = "CSRMData", "CSRMData\CSRMData.sqlproj", "{B997F400-B3FD-4598-BDA8-307D48430C99}"
EndProject
Project("{FAE04EC0-301F-11D3-BF4B-00C04F79EFBC}") = "CSRMDesktopUI", "CSRMDesktopUI\CSRMDesktopUI.csproj", "{1106189B-7A79-458B-8FA6-152A5C8AD679}"
EndProject
Project("{FAE04EC0-301F-11D3-BF4B-00C04F79EFBC}") = "CSRMDataManager.Library", "CSRMDataManager.Library\CSRMDataManager.Library.csproj", "{1BC72641-10D0-4717-ADA3-430F20CE010F}"
EndProject
Global
	GlobalSection(SolutionConfigurationPlatforms) = preSolution
		Debug|Any CPU = Debug|Any CPU
		Release|Any CPU = Release|Any CPU
	EndGlobalSection
	GlobalSection(ProjectConfigurationPlatforms) = postSolution
		{379FA2BD-5773-40BF-8707-B8062674E837}.Debug|Any CPU.ActiveCfg = Debug|Any CPU
		{379FA2BD-5773-40BF-8707-B8062674E837}.Debug|Any CPU.Build.0 = Debug|Any CPU
		{379FA2BD-5773-40BF-8707-B8062674E837}.Release|Any CPU.ActiveCfg = Release|Any CPU
		{379FA2BD-5773-40BF-8707-B8062674E837}.Release|Any CPU.Build.0 = Release|Any CPU
		{B997F400-B3FD-4598-BDA8-307D48430C99}.Debug|Any CPU.ActiveCfg = Debug|Any CPU
		{B997F400-B3FD-4598-BDA8-307D48430C99}.Debug|Any CPU.Build.0 = Debug|Any CPU
		{B997F400-B3FD-4598-BDA8-307D48430C99}.Debug|Any CPU.Deploy.0 = Debug|Any CPU
		{B997F400-B3FD-4598-BDA8-307D48430C99}.Release|Any CPU.ActiveCfg = Release|Any CPU
		{B997F400-B3FD-4598-BDA8-307D48430C99}.Release|Any CPU.Build.0 = Release|Any CPU
		{B997F400-B3FD-4598-BDA8-307D48430C99}.Release|Any CPU.Deploy.0 = Release|Any CPU
		{1106189B-7A79-458B-8FA6-152A5C8AD679}.Debug|Any CPU.ActiveCfg = Debug|Any CPU
		{1106189B-7A79-458B-8FA6-152A5C8AD679}.Debug|Any CPU.Build.0 = Debug|Any CPU
		{1106189B-7A79-458B-8FA6-152A5C8AD679}.Release|Any CPU.ActiveCfg = Release|Any CPU
		{1106189B-7A79-458B-8FA6-152A5C8AD679}.Release|Any CPU.Build.0 = Release|Any CPU
		{1BC72641-10D0-4717-ADA3-430F20CE010F}.Debug|Any CPU.ActiveCfg = Debug|Any CPU
		{1BC72641-10D0-4717-ADA3-430F20CE010F}.Debug|Any CPU.Build.0 = Debug|Any CPU
		{1BC72641-10D0-4717-ADA3-430F20CE010F}.Release|Any CPU.ActiveCfg = Release|Any CPU
		{1BC72641-10D0-4717-ADA3-430F20CE010F}.Release|Any CPU.Build.0 = Release|Any CPU
	EndGlobalSection
	GlobalSection(SolutionProperties) = preSolution
		HideSolutionNode = FALSE
	EndGlobalSection
	GlobalSection(ExtensibilityGlobals) = postSolution
		SolutionGuid = {B1AC0A7C-15D1-4D66-AD3E-8829D42596E4}
	EndGlobalSection
EndGlobal
